
Microsoft Visual Studio Solution File, Format Version 12.00
Project("{FAE04EC0-301F-11D3-BF4B-00C04F79EFBC}") = "Number8", "Number8\Number8.csproj", "{984D141A-1CFF-4F9C-81DF-EABB5A424445}"
EndProject
Project("{FAE04EC0-301F-11D3-BF4B-00C04F79EFBC}") = "Number8Tests", "Number8Tests\Number8Tests.csproj", "{E0E6A521-8397-495A-B710-F35A7463365D}"
EndProject
Global
	GlobalSection(SolutionConfigurationPlatforms) = preSolution
		Debug|Any CPU = Debug|Any CPU
		Release|Any CPU = Release|Any CPU
	EndGlobalSection
	GlobalSection(ProjectConfigurationPlatforms) = postSolution
		{984D141A-1CFF-4F9C-81DF-EABB5A424445}.Debug|Any CPU.ActiveCfg = Debug|Any CPU
		{984D141A-1CFF-4F9C-81DF-EABB5A424445}.Debug|Any CPU.Build.0 = Debug|Any CPU
		{984D141A-1CFF-4F9C-81DF-EABB5A424445}.Release|Any CPU.ActiveCfg = Release|Any CPU
		{984D141A-1CFF-4F9C-81DF-EABB5A424445}.Release|Any CPU.Build.0 = Release|Any CPU
		{E0E6A521-8397-495A-B710-F35A7463365D}.Debug|Any CPU.ActiveCfg = Debug|Any CPU
		{E0E6A521-8397-495A-B710-F35A7463365D}.Debug|Any CPU.Build.0 = Debug|Any CPU
		{E0E6A521-8397-495A-B710-F35A7463365D}.Release|Any CPU.ActiveCfg = Release|Any CPU
		{E0E6A521-8397-495A-B710-F35A7463365D}.Release|Any CPU.Build.0 = Release|Any CPU
	EndGlobalSection
EndGlobal
